
Microsoft Visual Studio Solution File, Format Version 12.00
# Visual Studio 14
VisualStudioVersion = 14.0.25420.1
MinimumVisualStudioVersion = 10.0.40219.1
Project("{FAE04EC0-301F-11D3-BF4B-00C04F79EFBC}") = "Serial Altitude Simulator", "Serial Altitude Simulator\Serial Altitude Simulator.csproj", "{6F0296FE-0DC0-4F5D-BDA3-357CE98D467C}"
EndProject
Global
	GlobalSection(SolutionConfigurationPlatforms) = preSolution
		Debug|Any CPU = Debug|Any CPU
		Debug|Mixed Platforms = Debug|Mixed Platforms
		Debug|Win32 = Debug|Win32
		Release|Any CPU = Release|Any CPU
		Release|Mixed Platforms = Release|Mixed Platforms
		Release|Win32 = Release|Win32
	EndGlobalSection
	GlobalSection(ProjectConfigurationPlatforms) = postSolution
		{6F0296FE-0DC0-4F5D-BDA3-357CE98D467C}.Debug|Any CPU.ActiveCfg = Debug|Any CPU
		{6F0296FE-0DC0-4F5D-BDA3-357CE98D467C}.Debug|Any CPU.Build.0 = Debug|Any CPU
		{6F0296FE-0DC0-4F5D-BDA3-357CE98D467C}.Debug|Mixed Platforms.ActiveCfg = Debug|Any CPU
		{6F0296FE-0DC0-4F5D-BDA3-357CE98D467C}.Debug|Mixed Platforms.Build.0 = Debug|Any CPU
		{6F0296FE-0DC0-4F5D-BDA3-357CE98D467C}.Debug|Win32.ActiveCfg = Debug|Any CPU
		{6F0296FE-0DC0-4F5D-BDA3-357CE98D467C}.Release|Any CPU.ActiveCfg = Release|Any CPU
		{6F0296FE-0DC0-4F5D-BDA3-357CE98D467C}.Release|Any CPU.Build.0 = Release|Any CPU
		{6F0296FE-0DC0-4F5D-BDA3-357CE98D467C}.Release|Mixed Platforms.ActiveCfg = Release|Any CPU
		{6F0296FE-0DC0-4F5D-BDA3-357CE98D467C}.Release|Mixed Platforms.Build.0 = Release|Any CPU
		{6F0296FE-0DC0-4F5D-BDA3-357CE98D467C}.Release|Win32.ActiveCfg = Release|Any CPU
	EndGlobalSection
	GlobalSection(SolutionProperties) = preSolution
		HideSolutionNode = FALSE
	EndGlobalSection
EndGlobal
